
Microsoft Visual Studio Solution File, Format Version 12.00
# Visual Studio Version 16
VisualStudioVersion = 16.0.28729.10
MinimumVisualStudioVersion = 10.0.40219.1
Project("{FAE04EC0-301F-11D3-BF4B-00C04F79EFBC}") = "ShadowfireRL", "ShadowfireRL\ShadowfireRL.csproj", "{1D12A74F-E18C-4538-A766-7D5B2DA62EE5}"
EndProject
Project("{FAE04EC0-301F-11D3-BF4B-00C04F79EFBC}") = "SimpleEcs", "SimpleEcs\SimpleEcs.csproj", "{6F64D258-68C8-4BF4-B740-EACA38B06B1D}"
EndProject
Global
	GlobalSection(SolutionConfigurationPlatforms) = preSolution
		Debug|Any CPU = Debug|Any CPU
		Release|Any CPU = Release|Any CPU
	EndGlobalSection
	GlobalSection(ProjectConfigurationPlatforms) = postSolution
		{1D12A74F-E18C-4538-A766-7D5B2DA62EE5}.Debug|Any CPU.ActiveCfg = Debug|Any CPU
		{1D12A74F-E18C-4538-A766-7D5B2DA62EE5}.Debug|Any CPU.Build.0 = Debug|Any CPU
		{1D12A74F-E18C-4538-A766-7D5B2DA62EE5}.Release|Any CPU.ActiveCfg = Release|Any CPU
		{1D12A74F-E18C-4538-A766-7D5B2DA62EE5}.Release|Any CPU.Build.0 = Release|Any CPU
		{6F64D258-68C8-4BF4-B740-EACA38B06B1D}.Debug|Any CPU.ActiveCfg = Debug|Any CPU
		{6F64D258-68C8-4BF4-B740-EACA38B06B1D}.Debug|Any CPU.Build.0 = Debug|Any CPU
		{6F64D258-68C8-4BF4-B740-EACA38B06B1D}.Release|Any CPU.ActiveCfg = Release|Any CPU
		{6F64D258-68C8-4BF4-B740-EACA38B06B1D}.Release|Any CPU.Build.0 = Release|Any CPU
	EndGlobalSection
	GlobalSection(SolutionProperties) = preSolution
		HideSolutionNode = FALSE
	EndGlobalSection
	GlobalSection(ExtensibilityGlobals) = postSolution
		SolutionGuid = {1B0E4F57-F163-4859-9242-9D54D640E4C3}
	EndGlobalSection
EndGlobal
